
Microsoft Visual Studio Solution File, Format Version 12.00
# Visual Studio Version 17
VisualStudioVersion = 17.8.34525.116
MinimumVisualStudioVersion = 10.0.40219.1
Project("{FAE04EC0-301F-11D3-BF4B-00C04F79EFBC}") = "MVCBlog.Web", "MVCBlog.Web\MVCBlog.Web.csproj", "{F1357D52-E50E-435B-987B-3F1A22EA420C}"
EndProject
Project("{FAE04EC0-301F-11D3-BF4B-00C04F79EFBC}") = "MVCBlog.Entity", "MVCBlog.Entity\MVCBlog.Entity.csproj", "{6D1ACB4C-9595-4906-90CA-EFE0E1A3A253}"
EndProject
Project("{FAE04EC0-301F-11D3-BF4B-00C04F79EFBC}") = "MVCBlog.Data", "MVCBlog.Data\MVCBlog.Data.csproj", "{6C78BEFD-EE85-4FB6-8364-F250C3135C3B}"
EndProject
Project("{FAE04EC0-301F-11D3-BF4B-00C04F79EFBC}") = "MVCBlog.Service", "MVCBlog.Service\MVCBlog.Service.csproj", "{D125E779-9993-4CA4-A1DA-96AEB853C168}"
EndProject
Project("{FAE04EC0-301F-11D3-BF4B-00C04F79EFBC}") = "MVCBlog.Core", "MVCBlog.Core\MVCBlog.Core.csproj", "{3C084314-3505-413D-B276-51E7F7FE4F68}"
EndProject
Global
	GlobalSection(SolutionConfigurationPlatforms) = preSolution
		Debug|Any CPU = Debug|Any CPU
		Release|Any CPU = Release|Any CPU
	EndGlobalSection
	GlobalSection(ProjectConfigurationPlatforms) = postSolution
		{F1357D52-E50E-435B-987B-3F1A22EA420C}.Debug|Any CPU.ActiveCfg = Debug|Any CPU
		{F1357D52-E50E-435B-987B-3F1A22EA420C}.Debug|Any CPU.Build.0 = Debug|Any CPU
		{F1357D52-E50E-435B-987B-3F1A22EA420C}.Release|Any CPU.ActiveCfg = Release|Any CPU
		{F1357D52-E50E-435B-987B-3F1A22EA420C}.Release|Any CPU.Build.0 = Release|Any CPU
		{6D1ACB4C-9595-4906-90CA-EFE0E1A3A253}.Debug|Any CPU.ActiveCfg = Debug|Any CPU
		{6D1ACB4C-9595-4906-90CA-EFE0E1A3A253}.Debug|Any CPU.Build.0 = Debug|Any CPU
		{6D1ACB4C-9595-4906-90CA-EFE0E1A3A253}.Release|Any CPU.ActiveCfg = Release|Any CPU
		{6D1ACB4C-9595-4906-90CA-EFE0E1A3A253}.Release|Any CPU.Build.0 = Release|Any CPU
		{6C78BEFD-EE85-4FB6-8364-F250C3135C3B}.Debug|Any CPU.ActiveCfg = Debug|Any CPU
		{6C78BEFD-EE85-4FB6-8364-F250C3135C3B}.Debug|Any CPU.Build.0 = Debug|Any CPU
		{6C78BEFD-EE85-4FB6-8364-F250C3135C3B}.Release|Any CPU.ActiveCfg = Release|Any CPU
		{6C78BEFD-EE85-4FB6-8364-F250C3135C3B}.Release|Any CPU.Build.0 = Release|Any CPU
		{D125E779-9993-4CA4-A1DA-96AEB853C168}.Debug|Any CPU.ActiveCfg = Debug|Any CPU
		{D125E779-9993-4CA4-A1DA-96AEB853C168}.Debug|Any CPU.Build.0 = Debug|Any CPU
		{D125E779-9993-4CA4-A1DA-96AEB853C168}.Release|Any CPU.ActiveCfg = Release|Any CPU
		{D125E779-9993-4CA4-A1DA-96AEB853C168}.Release|Any CPU.Build.0 = Release|Any CPU
		{3C084314-3505-413D-B276-51E7F7FE4F68}.Debug|Any CPU.ActiveCfg = Debug|Any CPU
		{3C084314-3505-413D-B276-51E7F7FE4F68}.Debug|Any CPU.Build.0 = Debug|Any CPU
		{3C084314-3505-413D-B276-51E7F7FE4F68}.Release|Any CPU.ActiveCfg = Release|Any CPU
		{3C084314-3505-413D-B276-51E7F7FE4F68}.Release|Any CPU.Build.0 = Release|Any CPU
	EndGlobalSection
	GlobalSection(SolutionProperties) = preSolution
		HideSolutionNode = FALSE
	EndGlobalSection
	GlobalSection(ExtensibilityGlobals) = postSolution
		SolutionGuid = {90F50074-DE76-4DDD-957F-4D8F77BDE1FA}
	EndGlobalSection
EndGlobal
